// !$*UTF8*$!
{
	archiveVersion = 1;
	classes = {
	};
	objectVersion = 56;
	objects = {

/* Begin PBXBuildFile section */
		AF7AA9942BDA481D00625D60 /* DiaryOfDiabetesApp.swift in Sources */ = {isa = PBXBuildFile; fileRef = AF7AA9932BDA481D00625D60 /* DiaryOfDiabetesApp.swift */; };
		AF7AA9962BDA481D00625D60 /* ContentView.swift in Sources */ = {isa = PBXBuildFile; fileRef = AF7AA9952BDA481D00625D60 /* ContentView.swift */; };
		AF7AA9982BDA481F00625D60 /* Assets.xcassets in Resources */ = {isa = PBXBuildFile; fileRef = AF7AA9972BDA481F00625D60 /* Assets.xcassets */; };
		AF7AA99B2BDA481F00625D60 /* Preview Assets.xcassets in Resources */ = {isa = PBXBuildFile; fileRef = AF7AA99A2BDA481F00625D60 /* Preview Assets.xcassets */; };
		AFF58A6F2C08914300146CF8 /* TodaysDate.swift in Sources */ = {isa = PBXBuildFile; fileRef = AFF58A6E2C08914300146CF8 /* TodaysDate.swift */; };
		AFF58A732C08932B00146CF8 /* MonthScrollerView.swift in Sources */ = {isa = PBXBuildFile; fileRef = AFF58A722C08932B00146CF8 /* MonthScrollerView.swift */; };
		AFF58A762C08961400146CF8 /* CalendarInfo.swift in Sources */ = {isa = PBXBuildFile; fileRef = AFF58A752C08961400146CF8 /* CalendarInfo.swift */; };
		AFF58A782C08A3E200146CF8 /* CalendarPageView.swift in Sources */ = {isa = PBXBuildFile; fileRef = AFF58A772C08A3E200146CF8 /* CalendarPageView.swift */; };
		AFF58A7A2C08A69D00146CF8 /* MonthStruct.swift in Sources */ = {isa = PBXBuildFile; fileRef = AFF58A792C08A69D00146CF8 /* MonthStruct.swift */; };
		AFF58A7E2C08BE4000146CF8 /* DiaryView.swift in Sources */ = {isa = PBXBuildFile; fileRef = AFF58A7D2C08BE4000146CF8 /* DiaryView.swift */; };
		AFF58A852C08E81A00146CF8 /* DiaryModel.swift in Sources */ = {isa = PBXBuildFile; fileRef = AFF58A842C08E81A00146CF8 /* DiaryModel.swift */; };
/* End PBXBuildFile section */

/* Begin PBXFileReference section */
		AF7AA9902BDA481D00625D60 /* DiaryOfDiabetes.app */ = {isa = PBXFileReference; explicitFileType = wrapper.application; includeInIndex = 0; path = DiaryOfDiabetes.app; sourceTree = BUILT_PRODUCTS_DIR; };
		AF7AA9932BDA481D00625D60 /* DiaryOfDiabetesApp.swift */ = {isa = PBXFileReference; lastKnownFileType = sourcecode.swift; path = DiaryOfDiabetesApp.swift; sourceTree = "<group>"; };
		AF7AA9952BDA481D00625D60 /* ContentView.swift */ = {isa = PBXFileReference; lastKnownFileType = sourcecode.swift; path = ContentView.swift; sourceTree = "<group>"; };
		AF7AA9972BDA481F00625D60 /* Assets.xcassets */ = {isa = PBXFileReference; lastKnownFileType = folder.assetcatalog; path = Assets.xcassets; sourceTree = "<group>"; };
		AF7AA99A2BDA481F00625D60 /* Preview Assets.xcassets */ = {isa = PBXFileReference; lastKnownFileType = folder.assetcatalog; path = "Preview Assets.xcassets"; sourceTree = "<group>"; };
		AFF58A6E2C08914300146CF8 /* TodaysDate.swift */ = {isa = PBXFileReference; lastKnownFileType = sourcecode.swift; path = TodaysDate.swift; sourceTree = "<group>"; };
		AFF58A722C08932B00146CF8 /* MonthScrollerView.swift */ = {isa = PBXFileReference; lastKnownFileType = sourcecode.swift; path = MonthScrollerView.swift; sourceTree = "<group>"; };
		AFF58A752C08961400146CF8 /* CalendarInfo.swift */ = {isa = PBXFileReference; lastKnownFileType = sourcecode.swift; path = CalendarInfo.swift; sourceTree = "<group>"; };
		AFF58A772C08A3E200146CF8 /* CalendarPageView.swift */ = {isa = PBXFileReference; lastKnownFileType = sourcecode.swift; path = CalendarPageView.swift; sourceTree = "<group>"; };
		AFF58A792C08A69D00146CF8 /* MonthStruct.swift */ = {isa = PBXFileReference; lastKnownFileType = sourcecode.swift; path = MonthStruct.swift; sourceTree = "<group>"; };
		AFF58A7D2C08BE4000146CF8 /* DiaryView.swift */ = {isa = PBXFileReference; lastKnownFileType = sourcecode.swift; path = DiaryView.swift; sourceTree = "<group>"; };
		AFF58A842C08E81A00146CF8 /* DiaryModel.swift */ = {isa = PBXFileReference; lastKnownFileType = sourcecode.swift; path = DiaryModel.swift; sourceTree = "<group>"; };
/* End PBXFileReference section */

/* Begin PBXFrameworksBuildPhase section */
		AF7AA98D2BDA481D00625D60 /* Frameworks */ = {
			isa = PBXFrameworksBuildPhase;
			buildActionMask = 2147483647;
			files = (
			);
			runOnlyForDeploymentPostprocessing = 0;
		};
/* End PBXFrameworksBuildPhase section */

/* Begin PBXGroup section */
		AF7AA9872BDA481D00625D60 = {
			isa = PBXGroup;
			children = (
				AF7AA9922BDA481D00625D60 /* DiaryOfDiabetes */,
				AF7AA9912BDA481D00625D60 /* Products */,
			);
			sourceTree = "<group>";
		};
		AF7AA9912BDA481D00625D60 /* Products */ = {
			isa = PBXGroup;
			children = (
				AF7AA9902BDA481D00625D60 /* DiaryOfDiabetes.app */,
			);
			name = Products;
			sourceTree = "<group>";
		};
		AF7AA9922BDA481D00625D60 /* DiaryOfDiabetes */ = {
			isa = PBXGroup;
			children = (
				AF7AA9932BDA481D00625D60 /* DiaryOfDiabetesApp.swift */,
				AF7AA9952BDA481D00625D60 /* ContentView.swift */,
				AFF58A742C0895D400146CF8 /* Calendar */,
				AFF58A7D2C08BE4000146CF8 /* DiaryView.swift */,
				AFF58A832C08E7F100146CF8 /* Diary */,
				AF7AA9972BDA481F00625D60 /* Assets.xcassets */,
				AF7AA9992BDA481F00625D60 /* Preview Content */,
			);
			path = DiaryOfDiabetes;
			sourceTree = "<group>";
		};
		AF7AA9992BDA481F00625D60 /* Preview Content */ = {
			isa = PBXGroup;
			children = (
				AF7AA99A2BDA481F00625D60 /* Preview Assets.xcassets */,
			);
			path = "Preview Content";
			sourceTree = "<group>";
		};
		AFF58A742C0895D400146CF8 /* Calendar */ = {
			isa = PBXGroup;
			children = (
				AFF58A6E2C08914300146CF8 /* TodaysDate.swift */,
				AFF58A722C08932B00146CF8 /* MonthScrollerView.swift */,
				AFF58A752C08961400146CF8 /* CalendarInfo.swift */,
				AFF58A772C08A3E200146CF8 /* CalendarPageView.swift */,
				AFF58A792C08A69D00146CF8 /* MonthStruct.swift */,
			);
			path = Calendar;
			sourceTree = "<group>";
		};
		AFF58A832C08E7F100146CF8 /* Diary */ = {
			isa = PBXGroup;
			children = (
				AFF58A842C08E81A00146CF8 /* DiaryModel.swift */,
			);
			path = Diary;
			sourceTree = "<group>";
		};
/* End PBXGroup section */

/* Begin PBXNativeTarget section */
		AF7AA98F2BDA481D00625D60 /* DiaryOfDiabetes */ = {
			isa = PBXNativeTarget;
			buildConfigurationList = AF7AA99E2BDA481F00625D60 /* Build configuration list for PBXNativeTarget "DiaryOfDiabetes" */;
			buildPhases = (
				AF7AA98C2BDA481D00625D60 /* Sources */,
				AF7AA98D2BDA481D00625D60 /* Frameworks */,
				AF7AA98E2BDA481D00625D60 /* Resources */,
			);
			buildRules = (
			);
			dependencies = (
			);
			name = DiaryOfDiabetes;
			productName = DiaryOfDiabetes;
			productReference = AF7AA9902BDA481D00625D60 /* DiaryOfDiabetes.app */;
			productType = "com.apple.product-type.application";
		};
/* End PBXNativeTarget section */

/* Begin PBXProject section */
		AF7AA9882BDA481D00625D60 /* Project object */ = {
			isa = PBXProject;
			attributes = {
				BuildIndependentTargetsInParallel = 1;
				LastSwiftUpdateCheck = 1530;
				LastUpgradeCheck = 1530;
				TargetAttributes = {
					AF7AA98F2BDA481D00625D60 = {
						CreatedOnToolsVersion = 15.3;
					};
				};
			};
			buildConfigurationList = AF7AA98B2BDA481D00625D60 /* Build configuration list for PBXProject "DiaryOfDiabetes" */;
			compatibilityVersion = "Xcode 14.0";
			developmentRegion = en;
			hasScannedForEncodings = 0;
			knownRegions = (
				en,
				Base,
			);
			mainGroup = AF7AA9872BDA481D00625D60;
			productRefGroup = AF7AA9912BDA481D00625D60 /* Products */;
			projectDirPath = "";
			projectRoot = "";
			targets = (
				AF7AA98F2BDA481D00625D60 /* DiaryOfDiabetes */,
			);
		};
/* End PBXProject section */

/* Begin PBXResourcesBuildPhase section */
		AF7AA98E2BDA481D00625D60 /* Resources */ = {
			isa = PBXResourcesBuildPhase;
			buildActionMask = 2147483647;
			files = (
				AF7AA99B2BDA481F00625D60 /* Preview Assets.xcassets in Resources */,
				AF7AA9982BDA481F00625D60 /* Assets.xcassets in Resources */,
			);
			runOnlyForDeploymentPostprocessing = 0;
		};
/* End PBXResourcesBuildPhase section */

/* Begin PBXSourcesBuildPhase section */
		AF7AA98C2BDA481D00625D60 /* Sources */ = {
			isa = PBXSourcesBuildPhase;
			buildActionMask = 2147483647;
			files = (
				AFF58A6F2C08914300146CF8 /* TodaysDate.swift in Sources */,
				AFF58A762C08961400146CF8 /* CalendarInfo.swift in Sources */,
				AFF58A7A2C08A69D00146CF8 /* MonthStruct.swift in Sources */,
				AFF58A732C08932B00146CF8 /* MonthScrollerView.swift in Sources */,
				AFF58A782C08A3E200146CF8 /* CalendarPageView.swift in Sources */,
				AF7AA9962BDA481D00625D60 /* ContentView.swift in Sources */,
				AFF58A7E2C08BE4000146CF8 /* DiaryView.swift in Sources */,
				AFF58A852C08E81A00146CF8 /* DiaryModel.swift in Sources */,
				AF7AA9942BDA481D00625D60 /* DiaryOfDiabetesApp.swift in Sources */,
			);
			runOnlyForDeploymentPostprocessing = 0;
		};
/* End PBXSourcesBuildPhase section */

/* Begin XCBuildConfiguration section */
		AF7AA99C2BDA481F00625D60 /* Debug */ = {
			isa = XCBuildConfiguration;
			buildSettings = {
				ALWAYS_SEARCH_USER_PATHS = NO;
				ASSETCATALOG_COMPILER_GENERATE_SWIFT_ASSET_SYMBOL_EXTENSIONS = YES;
				CLANG_ANALYZER_NONNULL = YES;
				CLANG_ANALYZER_NUMBER_OBJECT_CONVERSION = YES_AGGRESSIVE;
				CLANG_CXX_LANGUAGE_STANDARD = "gnu++20";
				CLANG_ENABLE_MODULES = YES;
				CLANG_ENABLE_OBJC_ARC = YES;
				CLANG_ENABLE_OBJC_WEAK = YES;
				CLANG_WARN_BLOCK_CAPTURE_AUTORELEASING = YES;
				CLANG_WARN_BOOL_CONVERSION = YES;
				CLANG_WARN_COMMA = YES;
				CLANG_WARN_CONSTANT_CONVERSION = YES;
				CLANG_WARN_DEPRECATED_OBJC_IMPLEMENTATIONS = YES;
				CLANG_WARN_DIRECT_OBJC_ISA_USAGE = YES_ERROR;
				CLANG_WARN_DOCUMENTATION_COMMENTS = YES;
				CLANG_WARN_EMPTY_BODY = YES;
				CLANG_WARN_ENUM_CONVERSION = YES;
				CLANG_WARN_INFINITE_RECURSION = YES;
				CLANG_WARN_INT_CONVERSION = YES;
				CLANG_WARN_NON_LITERAL_NULL_CONVERSION = YES;
				CLANG_WARN_OBJC_IMPLICIT_RETAIN_SELF = YES;
				CLANG_WARN_OBJC_LITERAL_CONVERSION = YES;
				CLANG_WARN_OBJC_ROOT_CLASS = YES_ERROR;
				CLANG_WARN_QUOTED_INCLUDE_IN_FRAMEWORK_HEADER = YES;
				CLANG_WARN_RANGE_LOOP_ANALYSIS = YES;
				CLANG_WARN_STRICT_PROTOTYPES = YES;
				CLANG_WARN_SUSPICIOUS_MOVE = YES;
				CLANG_WARN_UNGUARDED_AVAILABILITY = YES_AGGRESSIVE;
				CLANG_WARN_UNREACHABLE_CODE = YES;
				CLANG_WARN__DUPLICATE_METHOD_MATCH = YES;
				COPY_PHASE_STRIP = NO;
				DEBUG_INFORMATION_FORMAT = dwarf;
				ENABLE_STRICT_OBJC_MSGSEND = YES;
				ENABLE_TESTABILITY = YES;
				ENABLE_USER_SCRIPT_SANDBOXING = YES;
				GCC_C_LANGUAGE_STANDARD = gnu17;
				GCC_DYNAMIC_NO_PIC = NO;
				GCC_NO_COMMON_BLOCKS = YES;
				GCC_OPTIMIZATION_LEVEL = 0;
				GCC_PREPROCESSOR_DEFINITIONS = (
					"DEBUG=1",
					"$(inherited)",
				);
				GCC_WARN_64_TO_32_BIT_CONVERSION = YES;
				GCC_WARN_ABOUT_RETURN_TYPE = YES_ERROR;
				GCC_WARN_UNDECLARED_SELECTOR = YES;
				GCC_WARN_UNINITIALIZED_AUTOS = YES_AGGRESSIVE;
				GCC_WARN_UNUSED_FUNCTION = YES;
				GCC_WARN_UNUSED_VARIABLE = YES;
				IPHONEOS_DEPLOYMENT_TARGET = 17.4;
				LOCALIZATION_PREFERS_STRING_CATALOGS = YES;
				MTL_ENABLE_DEBUG_INFO = INCLUDE_SOURCE;
				MTL_FAST_MATH = YES;
				ONLY_ACTIVE_ARCH = YES;
				SDKROOT = iphoneos;
				SWIFT_ACTIVE_COMPILATION_CONDITIONS = "DEBUG $(inherited)";
				SWIFT_OPTIMIZATION_LEVEL = "-Onone";
			};
			name = Debug;
		};
		AF7AA99D2BDA481F00625D60 /* Release */ = {
			isa = XCBuildConfiguration;
			buildSettings = {
				ALWAYS_SEARCH_USER_PATHS = NO;
				ASSETCATALOG_COMPILER_GENERATE_SWIFT_ASSET_SYMBOL_EXTENSIONS = YES;
				CLANG_ANALYZER_NONNULL = YES;
				CLANG_ANALYZER_NUMBER_OBJECT_CONVERSION = YES_AGGRESSIVE;
				CLANG_CXX_LANGUAGE_STANDARD = "gnu++20";
				CLANG_ENABLE_MODULES = YES;
				CLANG_ENABLE_OBJC_ARC = YES;
				CLANG_ENABLE_OBJC_WEAK = YES;
				CLANG_WARN_BLOCK_CAPTURE_AUTORELEASING = YES;
				CLANG_WARN_BOOL_CONVERSION = YES;
				CLANG_WARN_COMMA = YES;
				CLANG_WARN_CONSTANT_CONVERSION = YES;
				CLANG_WARN_DEPRECATED_OBJC_IMPLEMENTATIONS = YES;
				CLANG_WARN_DIRECT_OBJC_ISA_USAGE = YES_ERROR;
				CLANG_WARN_DOCUMENTATION_COMMENTS = YES;
				CLANG_WARN_EMPTY_BODY = YES;
				CLANG_WARN_ENUM_CONVERSION = YES;
				CLANG_WARN_INFINITE_RECURSION = YES;
				CLANG_WARN_INT_CONVERSION = YES;
				CLANG_WARN_NON_LITERAL_NULL_CONVERSION = YES;
				CLANG_WARN_OBJC_IMPLICIT_RETAIN_SELF = YES;
				CLANG_WARN_OBJC_LITERAL_CONVERSION = YES;
				CLANG_WARN_OBJC_ROOT_CLASS = YES_ERROR;
				CLANG_WARN_QUOTED_INCLUDE_IN_FRAMEWORK_HEADER = YES;
				CLANG_WARN_RANGE_LOOP_ANALYSIS = YES;
				CLANG_WARN_STRICT_PROTOTYPES = YES;
				CLANG_WARN_SUSPICIOUS_MOVE = YES;
				CLANG_WARN_UNGUARDED_AVAILABILITY = YES_AGGRESSIVE;
				CLANG_WARN_UNREACHABLE_CODE = YES;
				CLANG_WARN__DUPLICATE_METHOD_MATCH = YES;
				COPY_PHASE_STRIP = NO;
				DEBUG_INFORMATION_FORMAT = "dwarf-with-dsym";
				ENABLE_NS_ASSERTIONS = NO;
				ENABLE_STRICT_OBJC_MSGSEND = YES;
				ENABLE_USER_SCRIPT_SANDBOXING = YES;
				GCC_C_LANGUAGE_STANDARD = gnu17;
				GCC_NO_COMMON_BLOCKS = YES;
				GCC_WARN_64_TO_32_BIT_CONVERSION = YES;
				GCC_WARN_ABOUT_RETURN_TYPE = YES_ERROR;
				GCC_WARN_UNDECLARED_SELECTOR = YES;
				GCC_WARN_UNINITIALIZED_AUTOS = YES_AGGRESSIVE;
				GCC_WARN_UNUSED_FUNCTION = YES;
				GCC_WARN_UNUSED_VARIABLE = YES;
				IPHONEOS_DEPLOYMENT_TARGET = 17.4;
				LOCALIZATION_PREFERS_STRING_CATALOGS = YES;
				MTL_ENABLE_DEBUG_INFO = NO;
				MTL_FAST_MATH = YES;
				SDKROOT = iphoneos;
				SWIFT_COMPILATION_MODE = wholemodule;
				VALIDATE_PRODUCT = YES;
			};
			name = Release;
		};
		AF7AA99F2BDA481F00625D60 /* Debug */ = {
			isa = XCBuildConfiguration;
			buildSettings = {
				ASSETCATALOG_COMPILER_APPICON_NAME = AppIcon;
				ASSETCATALOG_COMPILER_GLOBAL_ACCENT_COLOR_NAME = AccentColor;
				CODE_SIGN_STYLE = Automatic;
				CURRENT_PROJECT_VERSION = 1;
				DEVELOPMENT_ASSET_PATHS = "\"DiaryOfDiabetes/Preview Content\"";
				ENABLE_PREVIEWS = YES;
				GENERATE_INFOPLIST_FILE = YES;
				INFOPLIST_KEY_UIApplicationSceneManifest_Generation = YES;
				INFOPLIST_KEY_UIApplicationSupportsIndirectInputEvents = YES;
				INFOPLIST_KEY_UILaunchScreen_Generation = YES;
				INFOPLIST_KEY_UISupportedInterfaceOrientations = UIInterfaceOrientationPortrait;
				INFOPLIST_KEY_UISupportedInterfaceOrientations_iPad = "UIInterfaceOrientationLandscapeLeft UIInterfaceOrientationLandscapeRight UIInterfaceOrientationPortrait UIInterfaceOrientationPortraitUpsideDown";
				LD_RUNPATH_SEARCH_PATHS = (
					"$(inherited)",
					"@executable_path/Frameworks",
				);
				MARKETING_VERSION = 1.0;
				PRODUCT_BUNDLE_IDENTIFIER = corporation.DiaryOfDiabetes;
				PRODUCT_NAME = "$(TARGET_NAME)";
				SWIFT_EMIT_LOC_STRINGS = YES;
				SWIFT_VERSION = 5.0;
				TARGETED_DEVICE_FAMILY = "1,2";
			};
			name = Debug;
		};
		AF7AA9A02BDA481F00625D60 /* Release */ = {
			isa = XCBuildConfiguration;
			buildSettings = {
				ASSETCATALOG_COMPILER_APPICON_NAME = AppIcon;
				ASSETCATALOG_COMPILER_GLOBAL_ACCENT_COLOR_NAME = AccentColor;
				CODE_SIGN_STYLE = Automatic;
				CURRENT_PROJECT_VERSION = 1;
				DEVELOPMENT_ASSET_PATHS = "\"DiaryOfDiabetes/Preview Content\"";
				ENABLE_PREVIEWS = YES;
				GENERATE_INFOPLIST_FILE = YES;
				INFOPLIST_KEY_UIApplicationSceneManifest_Generation = YES;
				INFOPLIST_KEY_UIApplicationSupportsIndirectInputEvents = YES;
				INFOPLIST_KEY_UILaunchScreen_Generation = YES;
				INFOPLIST_KEY_UISupportedInterfaceOrientations = UIInterfaceOrientationPortrait;
				INFOPLIST_KEY_UISupportedInterfaceOrientations_iPad = "UIInterfaceOrientationLandscapeLeft UIInterfaceOrientationLandscapeRight UIInterfaceOrientationPortrait UIInterfaceOrientationPortraitUpsideDown";
				LD_RUNPATH_SEARCH_PATHS = (
					"$(inherited)",
					"@executable_path/Frameworks",
				);
				MARKETING_VERSION = 1.0;
				PRODUCT_BUNDLE_IDENTIFIER = corporation.DiaryOfDiabetes;
				PRODUCT_NAME = "$(TARGET_NAME)";
				SWIFT_EMIT_LOC_STRINGS = YES;
				SWIFT_VERSION = 5.0;
				TARGETED_DEVICE_FAMILY = "1,2";
			};
			name = Release;
		};
/* End XCBuildConfiguration section */

/* Begin XCConfigurationList section */
		AF7AA98B2BDA481D00625D60 /* Build configuration list for PBXProject "DiaryOfDiabetes" */ = {
			isa = XCConfigurationList;
			buildConfigurations = (
				AF7AA99C2BDA481F00625D60 /* Debug */,
				AF7AA99D2BDA481F00625D60 /* Release */,
			);
			defaultConfigurationIsVisible = 0;
			defaultConfigurationName = Release;
		};
		AF7AA99E2BDA481F00625D60 /* Build configuration list for PBXNativeTarget "DiaryOfDiabetes" */ = {
			isa = XCConfigurationList;
			buildConfigurations = (
				AF7AA99F2BDA481F00625D60 /* Debug */,
				AF7AA9A02BDA481F00625D60 /* Release */,
			);
			defaultConfigurationIsVisible = 0;
			defaultConfigurationName = Release;
		};
/* End XCConfigurationList section */
	};
	rootObject = AF7AA9882BDA481D00625D60 /* Project object */;
}
